
Microsoft Visual Studio Solution File, Format Version 12.00
# Visual Studio 15
VisualStudioVersion = 15.0.26430.13
MinimumVisualStudioVersion = 10.0.40219.1
Project("{FAE04EC0-301F-11D3-BF4B-00C04F79EFBC}") = "ContsoWeb", "ContsoWeb\ContsoWeb.csproj", "{D78E4792-CEA0-4DA0-A279-31313D5F295D}"
EndProject
Project("{FAE04EC0-301F-11D3-BF4B-00C04F79EFBC}") = "Contso.Model", "Contso.Model\Contso.Model.csproj", "{3C364061-2B70-4D8C-BF9E-A9E2B5BF489C}"
EndProject
Project("{FAE04EC0-301F-11D3-BF4B-00C04F79EFBC}") = "Contso.Data", "Contso.Data\Contso.Data.csproj", "{1C49A6EB-DEDA-445D-8ABD-BF1ADB9D3B5C}"
EndProject
Project("{FAE04EC0-301F-11D3-BF4B-00C04F79EFBC}") = "Contso.Service", "Contso.Service\Contso.Service.csproj", "{A85C3CDB-D04F-4DF8-9BF3-B9271F6D6DD4}"
EndProject
Project("{FAE04EC0-301F-11D3-BF4B-00C04F79EFBC}") = "Contso.Utility", "Contso.Utility\Contso.Utility.csproj", "{C74D75F3-9F52-4876-8B0F-D16367D404C9}"
EndProject
Global
	GlobalSection(SolutionConfigurationPlatforms) = preSolution
		Debug|Any CPU = Debug|Any CPU
		Release|Any CPU = Release|Any CPU
	EndGlobalSection
	GlobalSection(ProjectConfigurationPlatforms) = postSolution
		{D78E4792-CEA0-4DA0-A279-31313D5F295D}.Debug|Any CPU.ActiveCfg = Debug|Any CPU
		{D78E4792-CEA0-4DA0-A279-31313D5F295D}.Debug|Any CPU.Build.0 = Debug|Any CPU
		{D78E4792-CEA0-4DA0-A279-31313D5F295D}.Release|Any CPU.ActiveCfg = Release|Any CPU
		{D78E4792-CEA0-4DA0-A279-31313D5F295D}.Release|Any CPU.Build.0 = Release|Any CPU
		{3C364061-2B70-4D8C-BF9E-A9E2B5BF489C}.Debug|Any CPU.ActiveCfg = Debug|Any CPU
		{3C364061-2B70-4D8C-BF9E-A9E2B5BF489C}.Debug|Any CPU.Build.0 = Debug|Any CPU
		{3C364061-2B70-4D8C-BF9E-A9E2B5BF489C}.Release|Any CPU.ActiveCfg = Release|Any CPU
		{3C364061-2B70-4D8C-BF9E-A9E2B5BF489C}.Release|Any CPU.Build.0 = Release|Any CPU
		{1C49A6EB-DEDA-445D-8ABD-BF1ADB9D3B5C}.Debug|Any CPU.ActiveCfg = Debug|Any CPU
		{1C49A6EB-DEDA-445D-8ABD-BF1ADB9D3B5C}.Debug|Any CPU.Build.0 = Debug|Any CPU
		{1C49A6EB-DEDA-445D-8ABD-BF1ADB9D3B5C}.Release|Any CPU.ActiveCfg = Release|Any CPU
		{1C49A6EB-DEDA-445D-8ABD-BF1ADB9D3B5C}.Release|Any CPU.Build.0 = Release|Any CPU
		{A85C3CDB-D04F-4DF8-9BF3-B9271F6D6DD4}.Debug|Any CPU.ActiveCfg = Debug|Any CPU
		{A85C3CDB-D04F-4DF8-9BF3-B9271F6D6DD4}.Debug|Any CPU.Build.0 = Debug|Any CPU
		{A85C3CDB-D04F-4DF8-9BF3-B9271F6D6DD4}.Release|Any CPU.ActiveCfg = Release|Any CPU
		{A85C3CDB-D04F-4DF8-9BF3-B9271F6D6DD4}.Release|Any CPU.Build.0 = Release|Any CPU
		{C74D75F3-9F52-4876-8B0F-D16367D404C9}.Debug|Any CPU.ActiveCfg = Debug|Any CPU
		{C74D75F3-9F52-4876-8B0F-D16367D404C9}.Debug|Any CPU.Build.0 = Debug|Any CPU
		{C74D75F3-9F52-4876-8B0F-D16367D404C9}.Release|Any CPU.ActiveCfg = Release|Any CPU
		{C74D75F3-9F52-4876-8B0F-D16367D404C9}.Release|Any CPU.Build.0 = Release|Any CPU
	EndGlobalSection
	GlobalSection(SolutionProperties) = preSolution
		HideSolutionNode = FALSE
	EndGlobalSection
EndGlobal
